
Microsoft Visual Studio Solution File, Format Version 12.00
# Visual Studio Version 17
VisualStudioVersion = 17.9.34902.65
MinimumVisualStudioVersion = 10.0.40219.1
Project("{9A19103F-16F7-4668-BE54-9A1E7A4F7556}") = "WebAPI", "WebAPI.csproj", "{F0E5439B-73E6-4E84-9206-3B587E5206DD}"
	ProjectSection(ProjectDependencies) = postProject
		{71EFCDAB-1D54-4ED9-AAFD-8BA56CA2F653} = {71EFCDAB-1D54-4ED9-AAFD-8BA56CA2F653}
	EndProjectSection
EndProject
Project("{9A19103F-16F7-4668-BE54-9A1E7A4F7556}") = "Application", "..\Application\Application.csproj", "{71EFCDAB-1D54-4ED9-AAFD-8BA56CA2F653}"
EndProject
Project("{FAE04EC0-301F-11D3-BF4B-00C04F79EFBC}") = "Infrastructure", "..\Infrastructure\Infrastructure.csproj", "{67F25C08-5AC4-4C23-ADC1-0E018BF93DE4}"
EndProject
Project("{FAE04EC0-301F-11D3-BF4B-00C04F79EFBC}") = "Domain", "..\Domain\Domain.csproj", "{46A912FC-FF6B-4A97-BD30-CAF9BE1F52E0}"
EndProject
Project("{2150E333-8FDC-42A3-9474-1A3956D46DE8}") = "Solution Itens", "Solution Itens", "{2FD8A03C-6BA5-4EB0-9970-2669E98FD2B4}"
	ProjectSection(SolutionItems) = preProject
		..\docker-compose.yml = ..\docker-compose.yml
		..\docker-compose-release.yml = ..\docker-compose-release.yml
		..\scripts\generate-database.sql = ..\scripts\generate-database.sql
		..\README.md = ..\README.md
	EndProjectSection
EndProject
Project("{FAE04EC0-301F-11D3-BF4B-00C04F79EFBC}") = "Application.Unit.Tests", "..\Application.Unit.Tests\Application.Unit.Tests.csproj", "{159F4061-CD2F-4FCE-A538-BB91709AD8E8}"
EndProject
Project("{FAE04EC0-301F-11D3-BF4B-00C04F79EFBC}") = "Application.Integration.Tests", "..\Application.Integration.Tests\Application.Integration.Tests.csproj", "{0AEBB3A3-8A97-4EC6-9968-5B753D862EAA}"
EndProject
Global
	GlobalSection(SolutionConfigurationPlatforms) = preSolution
		Debug|Any CPU = Debug|Any CPU
		Release|Any CPU = Release|Any CPU
	EndGlobalSection
	GlobalSection(ProjectConfigurationPlatforms) = postSolution
		{F0E5439B-73E6-4E84-9206-3B587E5206DD}.Debug|Any CPU.ActiveCfg = Debug|Any CPU
		{F0E5439B-73E6-4E84-9206-3B587E5206DD}.Debug|Any CPU.Build.0 = Debug|Any CPU
		{F0E5439B-73E6-4E84-9206-3B587E5206DD}.Release|Any CPU.ActiveCfg = Release|Any CPU
		{F0E5439B-73E6-4E84-9206-3B587E5206DD}.Release|Any CPU.Build.0 = Release|Any CPU
		{71EFCDAB-1D54-4ED9-AAFD-8BA56CA2F653}.Debug|Any CPU.ActiveCfg = Debug|Any CPU
		{71EFCDAB-1D54-4ED9-AAFD-8BA56CA2F653}.Debug|Any CPU.Build.0 = Debug|Any CPU
		{71EFCDAB-1D54-4ED9-AAFD-8BA56CA2F653}.Release|Any CPU.ActiveCfg = Release|Any CPU
		{71EFCDAB-1D54-4ED9-AAFD-8BA56CA2F653}.Release|Any CPU.Build.0 = Release|Any CPU
		{67F25C08-5AC4-4C23-ADC1-0E018BF93DE4}.Debug|Any CPU.ActiveCfg = Debug|Any CPU
		{67F25C08-5AC4-4C23-ADC1-0E018BF93DE4}.Debug|Any CPU.Build.0 = Debug|Any CPU
		{67F25C08-5AC4-4C23-ADC1-0E018BF93DE4}.Release|Any CPU.ActiveCfg = Release|Any CPU
		{67F25C08-5AC4-4C23-ADC1-0E018BF93DE4}.Release|Any CPU.Build.0 = Release|Any CPU
		{46A912FC-FF6B-4A97-BD30-CAF9BE1F52E0}.Debug|Any CPU.ActiveCfg = Debug|Any CPU
		{46A912FC-FF6B-4A97-BD30-CAF9BE1F52E0}.Debug|Any CPU.Build.0 = Debug|Any CPU
		{46A912FC-FF6B-4A97-BD30-CAF9BE1F52E0}.Release|Any CPU.ActiveCfg = Release|Any CPU
		{46A912FC-FF6B-4A97-BD30-CAF9BE1F52E0}.Release|Any CPU.Build.0 = Release|Any CPU
		{159F4061-CD2F-4FCE-A538-BB91709AD8E8}.Debug|Any CPU.ActiveCfg = Debug|Any CPU
		{159F4061-CD2F-4FCE-A538-BB91709AD8E8}.Debug|Any CPU.Build.0 = Debug|Any CPU
		{159F4061-CD2F-4FCE-A538-BB91709AD8E8}.Release|Any CPU.ActiveCfg = Release|Any CPU
		{159F4061-CD2F-4FCE-A538-BB91709AD8E8}.Release|Any CPU.Build.0 = Release|Any CPU
		{0AEBB3A3-8A97-4EC6-9968-5B753D862EAA}.Debug|Any CPU.ActiveCfg = Debug|Any CPU
		{0AEBB3A3-8A97-4EC6-9968-5B753D862EAA}.Debug|Any CPU.Build.0 = Debug|Any CPU
		{0AEBB3A3-8A97-4EC6-9968-5B753D862EAA}.Release|Any CPU.ActiveCfg = Release|Any CPU
		{0AEBB3A3-8A97-4EC6-9968-5B753D862EAA}.Release|Any CPU.Build.0 = Release|Any CPU
	EndGlobalSection
	GlobalSection(SolutionProperties) = preSolution
		HideSolutionNode = FALSE
	EndGlobalSection
	GlobalSection(ExtensibilityGlobals) = postSolution
		SolutionGuid = {DC642811-5748-4544-86D4-C24D28575A44}
	EndGlobalSection
EndGlobal
